
Microsoft Visual Studio Solution File, Format Version 12.00
# Visual Studio Version 16
VisualStudioVersion = 16.0.30907.101
MinimumVisualStudioVersion = 10.0.40219.1
Project("{9A19103F-16F7-4668-BE54-9A1E7A4F7556}") = "HelloWorld.Tests", "HelloWorld.Tests\HelloWorld.Tests.csproj", "{CF220F9A-952D-44D7-957D-F7B0DF2111C6}"
EndProject
Project("{9A19103F-16F7-4668-BE54-9A1E7A4F7556}") = "HelloWorld", "HelloWorld\HelloWorld.csproj", "{4D42FEE3-A23D-4B00-A9E7-89421047BA6D}"
EndProject
Global
	GlobalSection(SolutionConfigurationPlatforms) = preSolution
		Debug|Any CPU = Debug|Any CPU
		Release|Any CPU = Release|Any CPU
	EndGlobalSection
	GlobalSection(ProjectConfigurationPlatforms) = postSolution
		{CF220F9A-952D-44D7-957D-F7B0DF2111C6}.Debug|Any CPU.ActiveCfg = Debug|Any CPU
		{CF220F9A-952D-44D7-957D-F7B0DF2111C6}.Debug|Any CPU.Build.0 = Debug|Any CPU
		{CF220F9A-952D-44D7-957D-F7B0DF2111C6}.Release|Any CPU.ActiveCfg = Release|Any CPU
		{CF220F9A-952D-44D7-957D-F7B0DF2111C6}.Release|Any CPU.Build.0 = Release|Any CPU
		{4D42FEE3-A23D-4B00-A9E7-89421047BA6D}.Debug|Any CPU.ActiveCfg = Debug|Any CPU
		{4D42FEE3-A23D-4B00-A9E7-89421047BA6D}.Debug|Any CPU.Build.0 = Debug|Any CPU
		{4D42FEE3-A23D-4B00-A9E7-89421047BA6D}.Release|Any CPU.ActiveCfg = Release|Any CPU
		{4D42FEE3-A23D-4B00-A9E7-89421047BA6D}.Release|Any CPU.Build.0 = Release|Any CPU
	EndGlobalSection
	GlobalSection(SolutionProperties) = preSolution
		HideSolutionNode = FALSE
	EndGlobalSection
	GlobalSection(ExtensibilityGlobals) = postSolution
		SolutionGuid = {561200CA-5307-4188-AE6F-781CBA29A8AB}
	EndGlobalSection
EndGlobal
